
Microsoft Visual Studio Solution File, Format Version 12.00
# Visual Studio Version 16
VisualStudioVersion = 16.0.31911.196
MinimumVisualStudioVersion = 10.0.40219.1
Project("{FAE04EC0-301F-11D3-BF4B-00C04F79EFBC}") = "test.api", "test.api\test.api.csproj", "{1FEEE05D-5B59-4BD4-8D66-465E18C9D565}"
EndProject
Global
	GlobalSection(SolutionConfigurationPlatforms) = preSolution
		Debug|Any CPU = Debug|Any CPU
		Release|Any CPU = Release|Any CPU
	EndGlobalSection
	GlobalSection(ProjectConfigurationPlatforms) = postSolution
		{1FEEE05D-5B59-4BD4-8D66-465E18C9D565}.Debug|Any CPU.ActiveCfg = Debug|Any CPU
		{1FEEE05D-5B59-4BD4-8D66-465E18C9D565}.Debug|Any CPU.Build.0 = Debug|Any CPU
		{1FEEE05D-5B59-4BD4-8D66-465E18C9D565}.Release|Any CPU.ActiveCfg = Release|Any CPU
		{1FEEE05D-5B59-4BD4-8D66-465E18C9D565}.Release|Any CPU.Build.0 = Release|Any CPU
	EndGlobalSection
	GlobalSection(SolutionProperties) = preSolution
		HideSolutionNode = FALSE
	EndGlobalSection
	GlobalSection(ExtensibilityGlobals) = postSolution
		SolutionGuid = {258CCEDC-02A6-4D1F-B74A-CD87533C1EBB}
	EndGlobalSection
EndGlobal
